// !$*UTF8*$!
{
	archiveVersion = 1;
	classes = {
	};
	objectVersion = 50;
	objects = {

/* Begin PBXBuildFile section */
		D726379D24904D4600CF11DE /* ZTNotification.swift in Sources */ = {isa = PBXBuildFile; fileRef = D726379C24904D4600CF11DE /* ZTNotification.swift */; };
		D72637A0249070BC00CF11DE /* ZTStringExtension.swift in Sources */ = {isa = PBXBuildFile; fileRef = D726379F249070BC00CF11DE /* ZTStringExtension.swift */; };
		D75D77B1249AD86C00EBB090 /* ZTImageViewExtension.swift in Sources */ = {isa = PBXBuildFile; fileRef = D75D77B0249AD86C00EBB090 /* ZTImageViewExtension.swift */; };
		D75D77B3249AE33500EBB090 /* ZTPropertyListHeaderView.swift in Sources */ = {isa = PBXBuildFile; fileRef = D75D77B2249AE33500EBB090 /* ZTPropertyListHeaderView.swift */; };
		D75D77B5249AE3E200EBB090 /* ZTPropertyListHeaderView.xib in Resources */ = {isa = PBXBuildFile; fileRef = D75D77B4249AE3E200EBB090 /* ZTPropertyListHeaderView.xib */; };
		D75D77C224A25AFA00EBB090 /* Knocking.mp3 in Resources */ = {isa = PBXBuildFile; fileRef = D75D77C124A25AFA00EBB090 /* Knocking.mp3 */; };
		D75D77C424A2778600EBB090 /* ZTSearchPropertiesContext.swift in Sources */ = {isa = PBXBuildFile; fileRef = D75D77C324A2778600EBB090 /* ZTSearchPropertiesContext.swift */; };
		D78137B82492EA58001FEDDE /* ZTSetupSearchView.swift in Sources */ = {isa = PBXBuildFile; fileRef = D78137B72492EA58001FEDDE /* ZTSetupSearchView.swift */; };
		D78137BA24930768001FEDDE /* ZTZipDataSource.swift in Sources */ = {isa = PBXBuildFile; fileRef = D78137B924930768001FEDDE /* ZTZipDataSource.swift */; };
		D78137BC24931717001FEDDE /* ZTStringSeparatorExtansion.swift in Sources */ = {isa = PBXBuildFile; fileRef = D78137BB24931717001FEDDE /* ZTStringSeparatorExtansion.swift */; };
		D78137BF249419B1001FEDDE /* ZTConstants.swift in Sources */ = {isa = PBXBuildFile; fileRef = D78137BE249419B1001FEDDE /* ZTConstants.swift */; };
		D78137C124945792001FEDDE /* ZTPropertyListView.swift in Sources */ = {isa = PBXBuildFile; fileRef = D78137C024945792001FEDDE /* ZTPropertyListView.swift */; };
		D78137C3249457A8001FEDDE /* ZTPropertyListViewController.swift in Sources */ = {isa = PBXBuildFile; fileRef = D78137C2249457A8001FEDDE /* ZTPropertyListViewController.swift */; };
		D78137C5249457CA001FEDDE /* ZTPropertyTableViewCell.swift in Sources */ = {isa = PBXBuildFile; fileRef = D78137C4249457CA001FEDDE /* ZTPropertyTableViewCell.swift */; };
		D78137C92495C1D4001FEDDE /* ZTTableViewDataSource.swift in Sources */ = {isa = PBXBuildFile; fileRef = D78137C82495C1D4001FEDDE /* ZTTableViewDataSource.swift */; };
		D79A377624803403005899BF /* AppDelegate.swift in Sources */ = {isa = PBXBuildFile; fileRef = D79A377524803403005899BF /* AppDelegate.swift */; };
		D79A377824803403005899BF /* SceneDelegate.swift in Sources */ = {isa = PBXBuildFile; fileRef = D79A377724803403005899BF /* SceneDelegate.swift */; };
		D79A377A24803403005899BF /* ZTSetupSearchViewController.swift in Sources */ = {isa = PBXBuildFile; fileRef = D79A377924803403005899BF /* ZTSetupSearchViewController.swift */; };
		D79A377D24803403005899BF /* Main.storyboard in Resources */ = {isa = PBXBuildFile; fileRef = D79A377B24803403005899BF /* Main.storyboard */; };
		D79A377F24803407005899BF /* Assets.xcassets in Resources */ = {isa = PBXBuildFile; fileRef = D79A377E24803407005899BF /* Assets.xcassets */; };
		D79A378224803407005899BF /* LaunchScreen.storyboard in Resources */ = {isa = PBXBuildFile; fileRef = D79A378024803407005899BF /* LaunchScreen.storyboard */; };
		D79A378D24803407005899BF /* ZillowTrackerTests.swift in Sources */ = {isa = PBXBuildFile; fileRef = D79A378C24803407005899BF /* ZillowTrackerTests.swift */; };
		D79A379B248051A5005899BF /* ZTHouse.swift in Sources */ = {isa = PBXBuildFile; fileRef = D79A379A248051A5005899BF /* ZTHouse.swift */; };
		D79A379E2484725A005899BF /* ZTLocalNotificationContext.swift in Sources */ = {isa = PBXBuildFile; fileRef = D79A379D2484725A005899BF /* ZTLocalNotificationContext.swift */; };
		D79A37A0248476F8005899BF /* ZTEvaluatedModel.swift in Sources */ = {isa = PBXBuildFile; fileRef = D79A379F248476F8005899BF /* ZTEvaluatedModel.swift */; };
		D79A37A22484A839005899BF /* ZTClient.swift in Sources */ = {isa = PBXBuildFile; fileRef = D79A37A12484A839005899BF /* ZTClient.swift */; };
		D7A5DB122485C37900BE7BC8 /* Cartfile in Resources */ = {isa = PBXBuildFile; fileRef = D7A5DB112485C37900BE7BC8 /* Cartfile */; };
		D7A5DB152485D89F00BE7BC8 /* Alamofire.framework in Frameworks */ = {isa = PBXBuildFile; fileRef = D7A5DB142485D89F00BE7BC8 /* Alamofire.framework */; };
		D7A5DB162485D89F00BE7BC8 /* Alamofire.framework in Embed Frameworks */ = {isa = PBXBuildFile; fileRef = D7A5DB142485D89F00BE7BC8 /* Alamofire.framework */; settings = {ATTRIBUTES = (CodeSignOnCopy, RemoveHeadersOnCopy, ); }; };
		D7A5DB1A248704DF00BE7BC8 /* ZTAddress.swift in Sources */ = {isa = PBXBuildFile; fileRef = D7A5DB19248704DF00BE7BC8 /* ZTAddress.swift */; };
		D7A5DB1C24870DC100BE7BC8 /* ZTArea.swift in Sources */ = {isa = PBXBuildFile; fileRef = D7A5DB1B24870DC100BE7BC8 /* ZTArea.swift */; };
		D7A5DB202488426F00BE7BC8 /* ZTProperties.swift in Sources */ = {isa = PBXBuildFile; fileRef = D7A5DB1F2488426F00BE7BC8 /* ZTProperties.swift */; };
		D7B4D3DF24B4FD4C00458D51 /* ZTVisualEffectView.swift in Sources */ = {isa = PBXBuildFile; fileRef = D7B4D3DE24B4FD4C00458D51 /* ZTVisualEffectView.swift */; };
/* End PBXBuildFile section */

/* Begin PBXContainerItemProxy section */
		D79A378924803407005899BF /* PBXContainerItemProxy */ = {
			isa = PBXContainerItemProxy;
			containerPortal = D79A376A24803403005899BF /* Project object */;
			proxyType = 1;
			remoteGlobalIDString = D79A377124803403005899BF;
			remoteInfo = ZillowTracker;
		};
/* End PBXContainerItemProxy section */

/* Begin PBXCopyFilesBuildPhase section */
		D7A5DB172485D89F00BE7BC8 /* Embed Frameworks */ = {
			isa = PBXCopyFilesBuildPhase;
			buildActionMask = 2147483647;
			dstPath = "";
			dstSubfolderSpec = 10;
			files = (
				D7A5DB162485D89F00BE7BC8 /* Alamofire.framework in Embed Frameworks */,
			);
			name = "Embed Frameworks";
			runOnlyForDeploymentPostprocessing = 0;
		};
/* End PBXCopyFilesBuildPhase section */

/* Begin PBXFileReference section */
		D726379C24904D4600CF11DE /* ZTNotification.swift */ = {isa = PBXFileReference; lastKnownFileType = sourcecode.swift; path = ZTNotification.swift; sourceTree = "<group>"; };
		D726379F249070BC00CF11DE /* ZTStringExtension.swift */ = {isa = PBXFileReference; lastKnownFileType = sourcecode.swift; path = ZTStringExtension.swift; sourceTree = "<group>"; };
		D75D77B0249AD86C00EBB090 /* ZTImageViewExtension.swift */ = {isa = PBXFileReference; lastKnownFileType = sourcecode.swift; path = ZTImageViewExtension.swift; sourceTree = "<group>"; };
		D75D77B2249AE33500EBB090 /* ZTPropertyListHeaderView.swift */ = {isa = PBXFileReference; lastKnownFileType = sourcecode.swift; path = ZTPropertyListHeaderView.swift; sourceTree = "<group>"; };
		D75D77B4249AE3E200EBB090 /* ZTPropertyListHeaderView.xib */ = {isa = PBXFileReference; lastKnownFileType = file.xib; path = ZTPropertyListHeaderView.xib; sourceTree = "<group>"; };
		D75D77C124A25AFA00EBB090 /* Knocking.mp3 */ = {isa = PBXFileReference; lastKnownFileType = audio.mp3; path = Knocking.mp3; sourceTree = "<group>"; };
		D75D77C324A2778600EBB090 /* ZTSearchPropertiesContext.swift */ = {isa = PBXFileReference; lastKnownFileType = sourcecode.swift; path = ZTSearchPropertiesContext.swift; sourceTree = "<group>"; };
		D78137B72492EA58001FEDDE /* ZTSetupSearchView.swift */ = {isa = PBXFileReference; lastKnownFileType = sourcecode.swift; path = ZTSetupSearchView.swift; sourceTree = "<group>"; };
		D78137B924930768001FEDDE /* ZTZipDataSource.swift */ = {isa = PBXFileReference; lastKnownFileType = sourcecode.swift; path = ZTZipDataSource.swift; sourceTree = "<group>"; };
		D78137BB24931717001FEDDE /* ZTStringSeparatorExtansion.swift */ = {isa = PBXFileReference; lastKnownFileType = sourcecode.swift; path = ZTStringSeparatorExtansion.swift; sourceTree = "<group>"; };
		D78137BE249419B1001FEDDE /* ZTConstants.swift */ = {isa = PBXFileReference; lastKnownFileType = sourcecode.swift; path = ZTConstants.swift; sourceTree = "<group>"; };
		D78137C024945792001FEDDE /* ZTPropertyListView.swift */ = {isa = PBXFileReference; lastKnownFileType = sourcecode.swift; path = ZTPropertyListView.swift; sourceTree = "<group>"; };
		D78137C2249457A8001FEDDE /* ZTPropertyListViewController.swift */ = {isa = PBXFileReference; lastKnownFileType = sourcecode.swift; path = ZTPropertyListViewController.swift; sourceTree = "<group>"; };
		D78137C4249457CA001FEDDE /* ZTPropertyTableViewCell.swift */ = {isa = PBXFileReference; lastKnownFileType = sourcecode.swift; path = ZTPropertyTableViewCell.swift; sourceTree = "<group>"; };
		D78137C82495C1D4001FEDDE /* ZTTableViewDataSource.swift */ = {isa = PBXFileReference; lastKnownFileType = sourcecode.swift; path = ZTTableViewDataSource.swift; sourceTree = "<group>"; };
		D79A377224803403005899BF /* RE Tracker.app */ = {isa = PBXFileReference; explicitFileType = wrapper.application; includeInIndex = 0; path = "RE Tracker.app"; sourceTree = BUILT_PRODUCTS_DIR; };
		D79A377524803403005899BF /* AppDelegate.swift */ = {isa = PBXFileReference; lastKnownFileType = sourcecode.swift; path = AppDelegate.swift; sourceTree = "<group>"; };
		D79A377724803403005899BF /* SceneDelegate.swift */ = {isa = PBXFileReference; lastKnownFileType = sourcecode.swift; path = SceneDelegate.swift; sourceTree = "<group>"; };
		D79A377924803403005899BF /* ZTSetupSearchViewController.swift */ = {isa = PBXFileReference; lastKnownFileType = sourcecode.swift; path = ZTSetupSearchViewController.swift; sourceTree = "<group>"; };
		D79A377C24803403005899BF /* Base */ = {isa = PBXFileReference; lastKnownFileType = file.storyboard; name = Base; path = Base.lproj/Main.storyboard; sourceTree = "<group>"; };
		D79A377E24803407005899BF /* Assets.xcassets */ = {isa = PBXFileReference; lastKnownFileType = folder.assetcatalog; path = Assets.xcassets; sourceTree = "<group>"; };
		D79A378124803407005899BF /* Base */ = {isa = PBXFileReference; lastKnownFileType = file.storyboard; name = Base; path = Base.lproj/LaunchScreen.storyboard; sourceTree = "<group>"; };
		D79A378324803407005899BF /* Info.plist */ = {isa = PBXFileReference; lastKnownFileType = text.plist.xml; path = Info.plist; sourceTree = "<group>"; };
		D79A378824803407005899BF /* ZillowTrackerTests.xctest */ = {isa = PBXFileReference; explicitFileType = wrapper.cfbundle; includeInIndex = 0; path = ZillowTrackerTests.xctest; sourceTree = BUILT_PRODUCTS_DIR; };
		D79A378C24803407005899BF /* ZillowTrackerTests.swift */ = {isa = PBXFileReference; lastKnownFileType = sourcecode.swift; path = ZillowTrackerTests.swift; sourceTree = "<group>"; };
		D79A378E24803407005899BF /* Info.plist */ = {isa = PBXFileReference; lastKnownFileType = text.plist.xml; path = Info.plist; sourceTree = "<group>"; };
		D79A379A248051A5005899BF /* ZTHouse.swift */ = {isa = PBXFileReference; lastKnownFileType = sourcecode.swift; path = ZTHouse.swift; sourceTree = "<group>"; };
		D79A379D2484725A005899BF /* ZTLocalNotificationContext.swift */ = {isa = PBXFileReference; lastKnownFileType = sourcecode.swift; path = ZTLocalNotificationContext.swift; sourceTree = "<group>"; };
		D79A379F248476F8005899BF /* ZTEvaluatedModel.swift */ = {isa = PBXFileReference; lastKnownFileType = sourcecode.swift; path = ZTEvaluatedModel.swift; sourceTree = "<group>"; };
		D79A37A12484A839005899BF /* ZTClient.swift */ = {isa = PBXFileReference; lastKnownFileType = sourcecode.swift; path = ZTClient.swift; sourceTree = "<group>"; };
		D7A5DB112485C37900BE7BC8 /* Cartfile */ = {isa = PBXFileReference; fileEncoding = 4; lastKnownFileType = text; path = Cartfile; sourceTree = SOURCE_ROOT; };
		D7A5DB142485D89F00BE7BC8 /* Alamofire.framework */ = {isa = PBXFileReference; lastKnownFileType = wrapper.framework; name = Alamofire.framework; path = Carthage/Build/iOS/Alamofire.framework; sourceTree = "<group>"; };
		D7A5DB19248704DF00BE7BC8 /* ZTAddress.swift */ = {isa = PBXFileReference; lastKnownFileType = sourcecode.swift; path = ZTAddress.swift; sourceTree = "<group>"; };
		D7A5DB1B24870DC100BE7BC8 /* ZTArea.swift */ = {isa = PBXFileReference; lastKnownFileType = sourcecode.swift; path = ZTArea.swift; sourceTree = "<group>"; };
		D7A5DB1F2488426F00BE7BC8 /* ZTProperties.swift */ = {isa = PBXFileReference; fileEncoding = 4; lastKnownFileType = sourcecode.swift; path = ZTProperties.swift; sourceTree = "<group>"; };
		D7B4D3DE24B4FD4C00458D51 /* ZTVisualEffectView.swift */ = {isa = PBXFileReference; lastKnownFileType = sourcecode.swift; path = ZTVisualEffectView.swift; sourceTree = "<group>"; };
/* End PBXFileReference section */

/* Begin PBXFrameworksBuildPhase section */
		D79A376F24803403005899BF /* Frameworks */ = {
			isa = PBXFrameworksBuildPhase;
			buildActionMask = 2147483647;
			files = (
				D7A5DB152485D89F00BE7BC8 /* Alamofire.framework in Frameworks */,
			);
			runOnlyForDeploymentPostprocessing = 0;
		};
		D79A378524803407005899BF /* Frameworks */ = {
			isa = PBXFrameworksBuildPhase;
			buildActionMask = 2147483647;
			files = (
			);
			runOnlyForDeploymentPostprocessing = 0;
		};
/* End PBXFrameworksBuildPhase section */

/* Begin PBXGroup section */
		D726379E2490706100CF11DE /* Extensions */ = {
			isa = PBXGroup;
			children = (
				D726379F249070BC00CF11DE /* ZTStringExtension.swift */,
				D78137BB24931717001FEDDE /* ZTStringSeparatorExtansion.swift */,
				D75D77B0249AD86C00EBB090 /* ZTImageViewExtension.swift */,
			);
			path = Extensions;
			sourceTree = "<group>";
		};
		D75D77BD24A25AAC00EBB090 /* Resources */ = {
			isa = PBXGroup;
			children = (
				D75D77C124A25AFA00EBB090 /* Knocking.mp3 */,
			);
			path = Resources;
			sourceTree = "<group>";
		};
		D78137C6249457D6001FEDDE /* SetupView */ = {
			isa = PBXGroup;
			children = (
				D79A377924803403005899BF /* ZTSetupSearchViewController.swift */,
				D78137B924930768001FEDDE /* ZTZipDataSource.swift */,
				D78137B72492EA58001FEDDE /* ZTSetupSearchView.swift */,
			);
			path = SetupView;
			sourceTree = "<group>";
		};
		D78137C7249457F7001FEDDE /* PropertyListView */ = {
			isa = PBXGroup;
			children = (
				D78137C2249457A8001FEDDE /* ZTPropertyListViewController.swift */,
				D78137C024945792001FEDDE /* ZTPropertyListView.swift */,
				D78137C4249457CA001FEDDE /* ZTPropertyTableViewCell.swift */,
				D78137C82495C1D4001FEDDE /* ZTTableViewDataSource.swift */,
				D75D77B2249AE33500EBB090 /* ZTPropertyListHeaderView.swift */,
				D75D77B4249AE3E200EBB090 /* ZTPropertyListHeaderView.xib */,
				D7B4D3DE24B4FD4C00458D51 /* ZTVisualEffectView.swift */,
			);
			path = PropertyListView;
			sourceTree = "<group>";
		};
		D79A376924803403005899BF = {
			isa = PBXGroup;
			children = (
				D79A377424803403005899BF /* ZillowTracker */,
				D79A378B24803407005899BF /* ZillowTrackerTests */,
				D79A377324803403005899BF /* Products */,
				D7A5DB132485D89F00BE7BC8 /* Frameworks */,
			);
			sourceTree = "<group>";
		};
		D79A377324803403005899BF /* Products */ = {
			isa = PBXGroup;
			children = (
				D79A377224803403005899BF /* RE Tracker.app */,
				D79A378824803407005899BF /* ZillowTrackerTests.xctest */,
			);
			name = Products;
			sourceTree = "<group>";
		};
		D79A377424803403005899BF /* ZillowTracker */ = {
			isa = PBXGroup;
			children = (
				D7A5DB112485C37900BE7BC8 /* Cartfile */,
				D79A379C24847233005899BF /* Contexts */,
				D79A3799248050E6005899BF /* UI */,
				D79A3798248050B7005899BF /* Clients */,
				D79A3797248050AF005899BF /* Models */,
				D726379E2490706100CF11DE /* Extensions */,
				D75D77BD24A25AAC00EBB090 /* Resources */,
				D79A377524803403005899BF /* AppDelegate.swift */,
				D79A377724803403005899BF /* SceneDelegate.swift */,
				D79A377B24803403005899BF /* Main.storyboard */,
				D79A377E24803407005899BF /* Assets.xcassets */,
				D79A378024803407005899BF /* LaunchScreen.storyboard */,
				D79A378324803407005899BF /* Info.plist */,
			);
			path = ZillowTracker;
			sourceTree = "<group>";
		};
		D79A378B24803407005899BF /* ZillowTrackerTests */ = {
			isa = PBXGroup;
			children = (
				D79A378C24803407005899BF /* ZillowTrackerTests.swift */,
				D79A378E24803407005899BF /* Info.plist */,
			);
			path = ZillowTrackerTests;
			sourceTree = "<group>";
		};
		D79A3797248050AF005899BF /* Models */ = {
			isa = PBXGroup;
			children = (
				D7A5DB1F2488426F00BE7BC8 /* ZTProperties.swift */,
				D79A379A248051A5005899BF /* ZTHouse.swift */,
				D7A5DB19248704DF00BE7BC8 /* ZTAddress.swift */,
				D7A5DB1B24870DC100BE7BC8 /* ZTArea.swift */,
				D79A379F248476F8005899BF /* ZTEvaluatedModel.swift */,
				D726379C24904D4600CF11DE /* ZTNotification.swift */,
				D78137BE249419B1001FEDDE /* ZTConstants.swift */,
			);
			path = Models;
			sourceTree = "<group>";
		};
		D79A3798248050B7005899BF /* Clients */ = {
			isa = PBXGroup;
			children = (
				D79A37A12484A839005899BF /* ZTClient.swift */,
			);
			path = Clients;
			sourceTree = "<group>";
		};
		D79A3799248050E6005899BF /* UI */ = {
			isa = PBXGroup;
			children = (
				D78137C6249457D6001FEDDE /* SetupView */,
				D78137C7249457F7001FEDDE /* PropertyListView */,
			);
			path = UI;
			sourceTree = "<group>";
		};
		D79A379C24847233005899BF /* Contexts */ = {
			isa = PBXGroup;
			children = (
				D79A379D2484725A005899BF /* ZTLocalNotificationContext.swift */,
				D75D77C324A2778600EBB090 /* ZTSearchPropertiesContext.swift */,
			);
			path = Contexts;
			sourceTree = "<group>";
		};
		D7A5DB132485D89F00BE7BC8 /* Frameworks */ = {
			isa = PBXGroup;
			children = (
				D7A5DB142485D89F00BE7BC8 /* Alamofire.framework */,
			);
			name = Frameworks;
			sourceTree = "<group>";
		};
/* End PBXGroup section */

/* Begin PBXNativeTarget section */
		D79A377124803403005899BF /* ZillowTracker */ = {
			isa = PBXNativeTarget;
			buildConfigurationList = D79A379124803407005899BF /* Build configuration list for PBXNativeTarget "ZillowTracker" */;
			buildPhases = (
				D79A376E24803403005899BF /* Sources */,
				D79A376F24803403005899BF /* Frameworks */,
				D79A377024803403005899BF /* Resources */,
				D7A5DB172485D89F00BE7BC8 /* Embed Frameworks */,
				D7A5DB182485D8E900BE7BC8 /* ShellScript */,
			);
			buildRules = (
			);
			dependencies = (
			);
			name = ZillowTracker;
			productName = ZillowTracker;
			productReference = D79A377224803403005899BF /* RE Tracker.app */;
			productType = "com.apple.product-type.application";
		};
		D79A378724803407005899BF /* ZillowTrackerTests */ = {
			isa = PBXNativeTarget;
			buildConfigurationList = D79A379424803407005899BF /* Build configuration list for PBXNativeTarget "ZillowTrackerTests" */;
			buildPhases = (
				D79A378424803407005899BF /* Sources */,
				D79A378524803407005899BF /* Frameworks */,
				D79A378624803407005899BF /* Resources */,
			);
			buildRules = (
			);
			dependencies = (
				D79A378A24803407005899BF /* PBXTargetDependency */,
			);
			name = ZillowTrackerTests;
			productName = ZillowTrackerTests;
			productReference = D79A378824803407005899BF /* ZillowTrackerTests.xctest */;
			productType = "com.apple.product-type.bundle.unit-test";
		};
/* End PBXNativeTarget section */

/* Begin PBXProject section */
		D79A376A24803403005899BF /* Project object */ = {
			isa = PBXProject;
			attributes = {
				LastSwiftUpdateCheck = 1130;
				LastUpgradeCheck = 1130;
				ORGANIZATIONNAME = "Varvara Myronova";
				TargetAttributes = {
					D79A377124803403005899BF = {
						CreatedOnToolsVersion = 11.3;
					};
					D79A378724803407005899BF = {
						CreatedOnToolsVersion = 11.3;
						TestTargetID = D79A377124803403005899BF;
					};
				};
			};
			buildConfigurationList = D79A376D24803403005899BF /* Build configuration list for PBXProject "ZillowTracker" */;
			compatibilityVersion = "Xcode 9.3";
			developmentRegion = en;
			hasScannedForEncodings = 0;
			knownRegions = (
				en,
				Base,
			);
			mainGroup = D79A376924803403005899BF;
			productRefGroup = D79A377324803403005899BF /* Products */;
			projectDirPath = "";
			projectRoot = "";
			targets = (
				D79A377124803403005899BF /* ZillowTracker */,
				D79A378724803407005899BF /* ZillowTrackerTests */,
			);
		};
/* End PBXProject section */

/* Begin PBXResourcesBuildPhase section */
		D79A377024803403005899BF /* Resources */ = {
			isa = PBXResourcesBuildPhase;
			buildActionMask = 2147483647;
			files = (
				D75D77B5249AE3E200EBB090 /* ZTPropertyListHeaderView.xib in Resources */,
				D79A378224803407005899BF /* LaunchScreen.storyboard in Resources */,
				D75D77C224A25AFA00EBB090 /* Knocking.mp3 in Resources */,
				D79A377F24803407005899BF /* Assets.xcassets in Resources */,
				D7A5DB122485C37900BE7BC8 /* Cartfile in Resources */,
				D79A377D24803403005899BF /* Main.storyboard in Resources */,
			);
			runOnlyForDeploymentPostprocessing = 0;
		};
		D79A378624803407005899BF /* Resources */ = {
			isa = PBXResourcesBuildPhase;
			buildActionMask = 2147483647;
			files = (
			);
			runOnlyForDeploymentPostprocessing = 0;
		};
/* End PBXResourcesBuildPhase section */

/* Begin PBXShellScriptBuildPhase section */
		D7A5DB182485D8E900BE7BC8 /* ShellScript */ = {
			isa = PBXShellScriptBuildPhase;
			buildActionMask = 8;
			files = (
			);
			inputFileListPaths = (
			);
			inputPaths = (
				"$(SRCROOT)/Carthage/Build/iOS/Alamofire.framework",
			);
			outputFileListPaths = (
			);
			outputPaths = (
			);
			runOnlyForDeploymentPostprocessing = 1;
			shellPath = "/usr/local/bin/carthage copy-frameworks";
			shellScript = "# Type a script or drag a script file from your workspace to insert its path.\n";
		};
/* End PBXShellScriptBuildPhase section */

/* Begin PBXSourcesBuildPhase section */
		D79A376E24803403005899BF /* Sources */ = {
			isa = PBXSourcesBuildPhase;
			buildActionMask = 2147483647;
			files = (
				D78137BA24930768001FEDDE /* ZTZipDataSource.swift in Sources */,
				D72637A0249070BC00CF11DE /* ZTStringExtension.swift in Sources */,
				D78137C92495C1D4001FEDDE /* ZTTableViewDataSource.swift in Sources */,
				D75D77C424A2778600EBB090 /* ZTSearchPropertiesContext.swift in Sources */,
				D79A379E2484725A005899BF /* ZTLocalNotificationContext.swift in Sources */,
				D79A379B248051A5005899BF /* ZTHouse.swift in Sources */,
				D7A5DB202488426F00BE7BC8 /* ZTProperties.swift in Sources */,
				D79A377A24803403005899BF /* ZTSetupSearchViewController.swift in Sources */,
				D78137C124945792001FEDDE /* ZTPropertyListView.swift in Sources */,
				D78137C3249457A8001FEDDE /* ZTPropertyListViewController.swift in Sources */,
				D78137BC24931717001FEDDE /* ZTStringSeparatorExtansion.swift in Sources */,
				D78137BF249419B1001FEDDE /* ZTConstants.swift in Sources */,
				D79A37A0248476F8005899BF /* ZTEvaluatedModel.swift in Sources */,
				D7B4D3DF24B4FD4C00458D51 /* ZTVisualEffectView.swift in Sources */,
				D75D77B1249AD86C00EBB090 /* ZTImageViewExtension.swift in Sources */,
				D79A37A22484A839005899BF /* ZTClient.swift in Sources */,
				D75D77B3249AE33500EBB090 /* ZTPropertyListHeaderView.swift in Sources */,
				D79A377624803403005899BF /* AppDelegate.swift in Sources */,
				D7A5DB1A248704DF00BE7BC8 /* ZTAddress.swift in Sources */,
				D78137C5249457CA001FEDDE /* ZTPropertyTableViewCell.swift in Sources */,
				D7A5DB1C24870DC100BE7BC8 /* ZTArea.swift in Sources */,
				D79A377824803403005899BF /* SceneDelegate.swift in Sources */,
				D78137B82492EA58001FEDDE /* ZTSetupSearchView.swift in Sources */,
				D726379D24904D4600CF11DE /* ZTNotification.swift in Sources */,
			);
			runOnlyForDeploymentPostprocessing = 0;
		};
		D79A378424803407005899BF /* Sources */ = {
			isa = PBXSourcesBuildPhase;
			buildActionMask = 2147483647;
			files = (
				D79A378D24803407005899BF /* ZillowTrackerTests.swift in Sources */,
			);
			runOnlyForDeploymentPostprocessing = 0;
		};
/* End PBXSourcesBuildPhase section */

/* Begin PBXTargetDependency section */
		D79A378A24803407005899BF /* PBXTargetDependency */ = {
			isa = PBXTargetDependency;
			target = D79A377124803403005899BF /* ZillowTracker */;
			targetProxy = D79A378924803407005899BF /* PBXContainerItemProxy */;
		};
/* End PBXTargetDependency section */

/* Begin PBXVariantGroup section */
		D79A377B24803403005899BF /* Main.storyboard */ = {
			isa = PBXVariantGroup;
			children = (
				D79A377C24803403005899BF /* Base */,
			);
			name = Main.storyboard;
			sourceTree = "<group>";
		};
		D79A378024803407005899BF /* LaunchScreen.storyboard */ = {
			isa = PBXVariantGroup;
			children = (
				D79A378124803407005899BF /* Base */,
			);
			name = LaunchScreen.storyboard;
			sourceTree = "<group>";
		};
/* End PBXVariantGroup section */

/* Begin XCBuildConfiguration section */
		D79A378F24803407005899BF /* Debug */ = {
			isa = XCBuildConfiguration;
			buildSettings = {
				ALWAYS_SEARCH_USER_PATHS = NO;
				BUILD_LIBRARY_FOR_DISTRIBUTION = YES;
				CLANG_ANALYZER_NONNULL = YES;
				CLANG_ANALYZER_NUMBER_OBJECT_CONVERSION = YES_AGGRESSIVE;
				CLANG_CXX_LANGUAGE_STANDARD = "gnu++14";
				CLANG_CXX_LIBRARY = "libc++";
				CLANG_ENABLE_MODULES = YES;
				CLANG_ENABLE_OBJC_ARC = YES;
				CLANG_ENABLE_OBJC_WEAK = YES;
				CLANG_WARN_BLOCK_CAPTURE_AUTORELEASING = YES;
				CLANG_WARN_BOOL_CONVERSION = YES;
				CLANG_WARN_COMMA = YES;
				CLANG_WARN_CONSTANT_CONVERSION = YES;
				CLANG_WARN_DEPRECATED_OBJC_IMPLEMENTATIONS = YES;
				CLANG_WARN_DIRECT_OBJC_ISA_USAGE = YES_ERROR;
				CLANG_WARN_DOCUMENTATION_COMMENTS = YES;
				CLANG_WARN_EMPTY_BODY = YES;
				CLANG_WARN_ENUM_CONVERSION = YES;
				CLANG_WARN_INFINITE_RECURSION = YES;
				CLANG_WARN_INT_CONVERSION = YES;
				CLANG_WARN_NON_LITERAL_NULL_CONVERSION = YES;
				CLANG_WARN_OBJC_IMPLICIT_RETAIN_SELF = YES;
				CLANG_WARN_OBJC_LITERAL_CONVERSION = YES;
				CLANG_WARN_OBJC_ROOT_CLASS = YES_ERROR;
				CLANG_WARN_RANGE_LOOP_ANALYSIS = YES;
				CLANG_WARN_STRICT_PROTOTYPES = YES;
				CLANG_WARN_SUSPICIOUS_MOVE = YES;
				CLANG_WARN_UNGUARDED_AVAILABILITY = YES_AGGRESSIVE;
				CLANG_WARN_UNREACHABLE_CODE = YES;
				CLANG_WARN__DUPLICATE_METHOD_MATCH = YES;
				COPY_PHASE_STRIP = NO;
				DEBUG_INFORMATION_FORMAT = dwarf;
				ENABLE_STRICT_OBJC_MSGSEND = YES;
				ENABLE_TESTABILITY = YES;
				GCC_C_LANGUAGE_STANDARD = gnu11;
				GCC_DYNAMIC_NO_PIC = NO;
				GCC_NO_COMMON_BLOCKS = YES;
				GCC_OPTIMIZATION_LEVEL = 0;
				GCC_PREPROCESSOR_DEFINITIONS = (
					"DEBUG=1",
					"$(inherited)",
				);
				GCC_WARN_64_TO_32_BIT_CONVERSION = YES;
				GCC_WARN_ABOUT_RETURN_TYPE = YES_ERROR;
				GCC_WARN_UNDECLARED_SELECTOR = YES;
				GCC_WARN_UNINITIALIZED_AUTOS = YES_AGGRESSIVE;
				GCC_WARN_UNUSED_FUNCTION = YES;
				GCC_WARN_UNUSED_VARIABLE = YES;
				IPHONEOS_DEPLOYMENT_TARGET = 13.2;
				MTL_ENABLE_DEBUG_INFO = INCLUDE_SOURCE;
				MTL_FAST_MATH = YES;
				ONLY_ACTIVE_ARCH = YES;
				SDKROOT = iphoneos;
				SWIFT_ACTIVE_COMPILATION_CONDITIONS = DEBUG;
				SWIFT_OPTIMIZATION_LEVEL = "-Onone";
			};
			name = Debug;
		};
		D79A379024803407005899BF /* Release */ = {
			isa = XCBuildConfiguration;
			buildSettings = {
				ALWAYS_SEARCH_USER_PATHS = NO;
				BUILD_LIBRARY_FOR_DISTRIBUTION = YES;
				CLANG_ANALYZER_NONNULL = YES;
				CLANG_ANALYZER_NUMBER_OBJECT_CONVERSION = YES_AGGRESSIVE;
				CLANG_CXX_LANGUAGE_STANDARD = "gnu++14";
				CLANG_CXX_LIBRARY = "libc++";
				CLANG_ENABLE_MODULES = YES;
				CLANG_ENABLE_OBJC_ARC = YES;
				CLANG_ENABLE_OBJC_WEAK = YES;
				CLANG_WARN_BLOCK_CAPTURE_AUTORELEASING = YES;
				CLANG_WARN_BOOL_CONVERSION = YES;
				CLANG_WARN_COMMA = YES;
				CLANG_WARN_CONSTANT_CONVERSION = YES;
				CLANG_WARN_DEPRECATED_OBJC_IMPLEMENTATIONS = YES;
				CLANG_WARN_DIRECT_OBJC_ISA_USAGE = YES_ERROR;
				CLANG_WARN_DOCUMENTATION_COMMENTS = YES;
				CLANG_WARN_EMPTY_BODY = YES;
				CLANG_WARN_ENUM_CONVERSION = YES;
				CLANG_WARN_INFINITE_RECURSION = YES;
				CLANG_WARN_INT_CONVERSION = YES;
				CLANG_WARN_NON_LITERAL_NULL_CONVERSION = YES;
				CLANG_WARN_OBJC_IMPLICIT_RETAIN_SELF = YES;
				CLANG_WARN_OBJC_LITERAL_CONVERSION = YES;
				CLANG_WARN_OBJC_ROOT_CLASS = YES_ERROR;
				CLANG_WARN_RANGE_LOOP_ANALYSIS = YES;
				CLANG_WARN_STRICT_PROTOTYPES = YES;
				CLANG_WARN_SUSPICIOUS_MOVE = YES;
				CLANG_WARN_UNGUARDED_AVAILABILITY = YES_AGGRESSIVE;
				CLANG_WARN_UNREACHABLE_CODE = YES;
				CLANG_WARN__DUPLICATE_METHOD_MATCH = YES;
				COPY_PHASE_STRIP = NO;
				DEBUG_INFORMATION_FORMAT = "dwarf-with-dsym";
				ENABLE_NS_ASSERTIONS = NO;
				ENABLE_STRICT_OBJC_MSGSEND = YES;
				GCC_C_LANGUAGE_STANDARD = gnu11;
				GCC_NO_COMMON_BLOCKS = YES;
				GCC_WARN_64_TO_32_BIT_CONVERSION = YES;
				GCC_WARN_ABOUT_RETURN_TYPE = YES_ERROR;
				GCC_WARN_UNDECLARED_SELECTOR = YES;
				GCC_WARN_UNINITIALIZED_AUTOS = YES_AGGRESSIVE;
				GCC_WARN_UNUSED_FUNCTION = YES;
				GCC_WARN_UNUSED_VARIABLE = YES;
				IPHONEOS_DEPLOYMENT_TARGET = 13.2;
				MTL_ENABLE_DEBUG_INFO = NO;
				MTL_FAST_MATH = YES;
				SDKROOT = iphoneos;
				SWIFT_COMPILATION_MODE = wholemodule;
				SWIFT_OPTIMIZATION_LEVEL = "-O";
				VALIDATE_PRODUCT = YES;
			};
			name = Release;
		};
		D79A379224803407005899BF /* Debug */ = {
			isa = XCBuildConfiguration;
			buildSettings = {
				ASSETCATALOG_COMPILER_APPICON_NAME = AppIcon;
				BUILD_LIBRARY_FOR_DISTRIBUTION = YES;
				CODE_SIGN_STYLE = Automatic;
				DEVELOPMENT_TEAM = 7JA4Q6L7YY;
				FRAMEWORK_SEARCH_PATHS = (
					"$(inherited)",
					"$(PROJECT_DIR)/Carthage/Build/iOS",
				);
				INFOPLIST_FILE = ZillowTracker/Info.plist;
				IPHONEOS_DEPLOYMENT_TARGET = 13.0;
				LD_RUNPATH_SEARCH_PATHS = (
					"$(inherited)",
					"@executable_path/Frameworks",
				);
				PRODUCT_BUNDLE_IDENTIFIER = com.myronovaVarvara.ZillowTracker;
				PRODUCT_NAME = "RE Tracker";
				SWIFT_VERSION = 5.0;
				TARGETED_DEVICE_FAMILY = "1,2";
			};
			name = Debug;
		};
		D79A379324803407005899BF /* Release */ = {
			isa = XCBuildConfiguration;
			buildSettings = {
				ASSETCATALOG_COMPILER_APPICON_NAME = AppIcon;
				BUILD_LIBRARY_FOR_DISTRIBUTION = YES;
				CODE_SIGN_STYLE = Automatic;
				DEVELOPMENT_TEAM = 7JA4Q6L7YY;
				FRAMEWORK_SEARCH_PATHS = (
					"$(inherited)",
					"$(PROJECT_DIR)/Carthage/Build/iOS",
				);
				INFOPLIST_FILE = ZillowTracker/Info.plist;
				IPHONEOS_DEPLOYMENT_TARGET = 13.0;
				LD_RUNPATH_SEARCH_PATHS = (
					"$(inherited)",
					"@executable_path/Frameworks",
				);
				PRODUCT_BUNDLE_IDENTIFIER = com.myronovaVarvara.ZillowTracker;
				PRODUCT_NAME = "RE Tracker";
				SWIFT_VERSION = 5.0;
				TARGETED_DEVICE_FAMILY = "1,2";
			};
			name = Release;
		};
		D79A379524803407005899BF /* Debug */ = {
			isa = XCBuildConfiguration;
			buildSettings = {
				ALWAYS_EMBED_SWIFT_STANDARD_LIBRARIES = YES;
				BUNDLE_LOADER = "$(TEST_HOST)";
				CODE_SIGN_STYLE = Automatic;
				DEVELOPMENT_TEAM = Z4W46D7MK3;
				INFOPLIST_FILE = ZillowTrackerTests/Info.plist;
				IPHONEOS_DEPLOYMENT_TARGET = 13.2;
				LD_RUNPATH_SEARCH_PATHS = (
					"$(inherited)",
					"@executable_path/Frameworks",
					"@loader_path/Frameworks",
				);
				PRODUCT_BUNDLE_IDENTIFIER = com.varvaraMironova.ZillowTrackerTests;
				PRODUCT_NAME = "$(TARGET_NAME)";
				SWIFT_VERSION = 5.0;
				TARGETED_DEVICE_FAMILY = "1,2";
				TEST_HOST = "$(BUILT_PRODUCTS_DIR)/ZillowTracker.app/ZillowTracker";
			};
			name = Debug;
		};
		D79A379624803407005899BF /* Release */ = {
			isa = XCBuildConfiguration;
			buildSettings = {
				ALWAYS_EMBED_SWIFT_STANDARD_LIBRARIES = YES;
				BUNDLE_LOADER = "$(TEST_HOST)";
				CODE_SIGN_STYLE = Automatic;
				DEVELOPMENT_TEAM = Z4W46D7MK3;
				INFOPLIST_FILE = ZillowTrackerTests/Info.plist;
				IPHONEOS_DEPLOYMENT_TARGET = 13.2;
				LD_RUNPATH_SEARCH_PATHS = (
					"$(inherited)",
					"@executable_path/Frameworks",
					"@loader_path/Frameworks",
				);
				PRODUCT_BUNDLE_IDENTIFIER = com.varvaraMironova.ZillowTrackerTests;
				PRODUCT_NAME = "$(TARGET_NAME)";
				SWIFT_VERSION = 5.0;
				TARGETED_DEVICE_FAMILY = "1,2";
				TEST_HOST = "$(BUILT_PRODUCTS_DIR)/ZillowTracker.app/ZillowTracker";
			};
			name = Release;
		};
/* End XCBuildConfiguration section */

/* Begin XCConfigurationList section */
		D79A376D24803403005899BF /* Build configuration list for PBXProject "ZillowTracker" */ = {
			isa = XCConfigurationList;
			buildConfigurations = (
				D79A378F24803407005899BF /* Debug */,
				D79A379024803407005899BF /* Release */,
			);
			defaultConfigurationIsVisible = 0;
			defaultConfigurationName = Release;
		};
		D79A379124803407005899BF /* Build configuration list for PBXNativeTarget "ZillowTracker" */ = {
			isa = XCConfigurationList;
			buildConfigurations = (
				D79A379224803407005899BF /* Debug */,
				D79A379324803407005899BF /* Release */,
			);
			defaultConfigurationIsVisible = 0;
			defaultConfigurationName = Release;
		};
		D79A379424803407005899BF /* Build configuration list for PBXNativeTarget "ZillowTrackerTests" */ = {
			isa = XCConfigurationList;
			buildConfigurations = (
				D79A379524803407005899BF /* Debug */,
				D79A379624803407005899BF /* Release */,
			);
			defaultConfigurationIsVisible = 0;
			defaultConfigurationName = Release;
		};
/* End XCConfigurationList section */
	};
	rootObject = D79A376A24803403005899BF /* Project object */;
}
